// !$*UTF8*$!
{
	archiveVersion = 1;
	classes = {
	};
	objectVersion = 77;
	objects = {

/* Begin PBXBuildFile section */
		04032F6FE25AFFC90FF24235 /* BoardSummary.swift in Sources */ = {isa = PBXBuildFile; fileRef = C2E57343C2D36E3BE44AE2C2 /* BoardSummary.swift */; };
		1751F6BEC22BE28DE42676E2 /* MarkdownView.swift in Sources */ = {isa = PBXBuildFile; fileRef = E7F30E48D0595CE66EF6B8A3 /* MarkdownView.swift */; };
		1C3ED9E212F22BF40A83A827 /* SessionView.swift in Sources */ = {isa = PBXBuildFile; fileRef = 7040E8A21BCC88B0A703712D /* SessionView.swift */; };
		27D72F0CEFD735EE582C685D /* VettaUITests.swift in Sources */ = {isa = PBXBuildFile; fileRef = 8754BC022E2DA6BE46766DE0 /* VettaUITests.swift */; };
		29BC275076D8A1DC3A573BBB /* Assets.xcassets in Resources */ = {isa = PBXBuildFile; fileRef = B43B0EEECDDBB2807AA280EF /* Assets.xcassets */; };
		31B8554CEA1268D8C84793F6 /* Theme.swift in Sources */ = {isa = PBXBuildFile; fileRef = 966CF05AA64EAAE95B6C18D2 /* Theme.swift */; };
		3CBF8329E208C7686DE10D15 /* Common.swift in Sources */ = {isa = PBXBuildFile; fileRef = 0CAE0C2229A7C06685973CFD /* Common.swift */; };
		3D463C9C2C3233BBCDE99B95 /* VettaApp.swift in Sources */ = {isa = PBXBuildFile; fileRef = 9958F311B813AAB23E9A6D69 /* VettaApp.swift */; };
		4F34BF649619CE972ED4CC8E /* InvitePairView.swift in Sources */ = {isa = PBXBuildFile; fileRef = 0FCDD8D1166D2CB44460EADA /* InvitePairView.swift */; };
		553F60767299442FEB0D3C01 /* ChatInputBar.swift in Sources */ = {isa = PBXBuildFile; fileRef = BC4528B8445F4DFE1B3DAC95 /* ChatInputBar.swift */; };
		557A05454FD9578BF19AECC7 /* TaskBoardView.swift in Sources */ = {isa = PBXBuildFile; fileRef = 6D2A6611E2835A451FE4B4D4 /* TaskBoardView.swift */; };
		572D00AEA0B23590C52BE28A /* SettingsView.swift in Sources */ = {isa = PBXBuildFile; fileRef = A611A3DDE7F1EC89CAD12F7F /* SettingsView.swift */; };
		5A35CD748B1B06EF47F0A3F2 /* VettaKit in Frameworks */ = {isa = PBXBuildFile; productRef = 96AFB1AF04EBBFA603F4F91B /* VettaKit */; };
		63581B8EDAF81E8D93112759 /* KeyboardWarmup.swift in Sources */ = {isa = PBXBuildFile; fileRef = 673796C16D0A139458E920DF /* KeyboardWarmup.swift */; };
		8CB51BACBD63840B98FE330F /* QuestionPanel.swift in Sources */ = {isa = PBXBuildFile; fileRef = 1571266B7208052D80E40A95 /* QuestionPanel.swift */; };
		97373277B2BCFF1BA7983CE2 /* ModelSheet.swift in Sources */ = {isa = PBXBuildFile; fileRef = F0D2A6C73F7E73DC53077670 /* ModelSheet.swift */; };
		97E3DC8E241B2B6E710580AC /* PairView.swift in Sources */ = {isa = PBXBuildFile; fileRef = A5FE60E74C2993F10053947E /* PairView.swift */; };
		99925AFD6476F200F1186F5D /* NewSessionView.swift in Sources */ = {isa = PBXBuildFile; fileRef = 14FB7C60CF7BBB386D64B42C /* NewSessionView.swift */; };
		9FE91382A8C78D491B30D92F /* ChatViews.swift in Sources */ = {isa = PBXBuildFile; fileRef = 4AC44E052FBB4B681994D40B /* ChatViews.swift */; };
		A4C727247A724BC396D2EF75 /* InfoPlist.xcstrings in Resources */ = {isa = PBXBuildFile; fileRef = A13EF44F614DFAF09BEA92D8 /* InfoPlist.xcstrings */; };
		AC4E28755EFF19DCF3DC5B3C /* HomeView.swift in Sources */ = {isa = PBXBuildFile; fileRef = 4A9C645FF840047E4C04ED92 /* HomeView.swift */; };
		AD8D1CBE44910819B92E0234 /* FilePreviewScreen.swift in Sources */ = {isa = PBXBuildFile; fileRef = A49878D0D659B4398CDFD735 /* FilePreviewScreen.swift */; };
		AEE9524BBEAF56AD778B1F3D /* SessionCards.swift in Sources */ = {isa = PBXBuildFile; fileRef = DDD1656ECA9BA0A1442B19A3 /* SessionCards.swift */; };
		B3E19125E863C30778ACE155 /* RootView.swift in Sources */ = {isa = PBXBuildFile; fileRef = 71BB21C509A581D37A42B7FC /* RootView.swift */; };
		BF4B6DCEF9D362F781317F6E /* KeychainStore.swift in Sources */ = {isa = PBXBuildFile; fileRef = E33BB88AA6F56D2A00716432 /* KeychainStore.swift */; };
		C3814CBDAD8F06F91F403335 /* SkillSheet.swift in Sources */ = {isa = PBXBuildFile; fileRef = 3336215DCCD9B5B8DB739834 /* SkillSheet.swift */; };
		CF3AFE89F12B4B288CEED3B3 /* HomeDrawer.swift in Sources */ = {isa = PBXBuildFile; fileRef = F48CB4F31FE51D7DCA191DCA /* HomeDrawer.swift */; };
		DB673640AD6D84DAA2C3733A /* FilesPanel.swift in Sources */ = {isa = PBXBuildFile; fileRef = 379D80CBC3E02B088693F66B /* FilesPanel.swift */; };
		E0A26C37CCE910520B415EDC /* SpeechDictation.swift in Sources */ = {isa = PBXBuildFile; fileRef = 9A223D846ECA782112079EA4 /* SpeechDictation.swift */; };
		E2D1C7C3925271D4EA7A0D18 /* ProjectSheet.swift in Sources */ = {isa = PBXBuildFile; fileRef = AE556B5F31422EA43BDF8294 /* ProjectSheet.swift */; };
		E514FC31900005AF9F3DC10A /* ProjectView.swift in Sources */ = {isa = PBXBuildFile; fileRef = A5B834FE35ABAA6C5DE654BC /* ProjectView.swift */; };
		EEEE28142A335ED424B968FA /* QRScannerView.swift in Sources */ = {isa = PBXBuildFile; fileRef = 4351D91117ED64F564EE2106 /* QRScannerView.swift */; };
		F28E4179CBE02483F7D37374 /* ProjectRow.swift in Sources */ = {isa = PBXBuildFile; fileRef = F4BD5077EC35B7196CE6FE34 /* ProjectRow.swift */; };
		F494F9F8C20C1CF24913E95E /* DictationHaptics.swift in Sources */ = {isa = PBXBuildFile; fileRef = 91E9CDFB90F37D5D32E27EAA /* DictationHaptics.swift */; };
		F8A4F125175E25DE8AD46037 /* AttachmentSheet.swift in Sources */ = {isa = PBXBuildFile; fileRef = FCD68BBF1201238A0B705D2E /* AttachmentSheet.swift */; };
/* End PBXBuildFile section */

/* Begin PBXContainerItemProxy section */
		8C81B28911A5BE8772F79B5C /* PBXContainerItemProxy */ = {
			isa = PBXContainerItemProxy;
			containerPortal = 7D6DAB4F5B9246859027D95F /* Project object */;
			proxyType = 1;
			remoteGlobalIDString = EFF47FAFC9162FC5F0E8FD23;
			remoteInfo = Vetta;
		};
/* End PBXContainerItemProxy section */

/* Begin PBXFileReference section */
		01B829A0AD28FC1C65D8E276 /* Signing.xcconfig */ = {isa = PBXFileReference; lastKnownFileType = text.xcconfig; path = Signing.xcconfig; sourceTree = "<group>"; };
		0CAE0C2229A7C06685973CFD /* Common.swift */ = {isa = PBXFileReference; lastKnownFileType = sourcecode.swift; path = Common.swift; sourceTree = "<group>"; };
		0FCDD8D1166D2CB44460EADA /* InvitePairView.swift */ = {isa = PBXFileReference; lastKnownFileType = sourcecode.swift; path = InvitePairView.swift; sourceTree = "<group>"; };
		14FB7C60CF7BBB386D64B42C /* NewSessionView.swift */ = {isa = PBXFileReference; lastKnownFileType = sourcecode.swift; path = NewSessionView.swift; sourceTree = "<group>"; };
		1571266B7208052D80E40A95 /* QuestionPanel.swift */ = {isa = PBXFileReference; lastKnownFileType = sourcecode.swift; path = QuestionPanel.swift; sourceTree = "<group>"; };
		3336215DCCD9B5B8DB739834 /* SkillSheet.swift */ = {isa = PBXFileReference; lastKnownFileType = sourcecode.swift; path = SkillSheet.swift; sourceTree = "<group>"; };
		379D80CBC3E02B088693F66B /* FilesPanel.swift */ = {isa = PBXFileReference; lastKnownFileType = sourcecode.swift; path = FilesPanel.swift; sourceTree = "<group>"; };
		4351D91117ED64F564EE2106 /* QRScannerView.swift */ = {isa = PBXFileReference; lastKnownFileType = sourcecode.swift; path = QRScannerView.swift; sourceTree = "<group>"; };
		4A9C645FF840047E4C04ED92 /* HomeView.swift */ = {isa = PBXFileReference; lastKnownFileType = sourcecode.swift; path = HomeView.swift; sourceTree = "<group>"; };
		4AC44E052FBB4B681994D40B /* ChatViews.swift */ = {isa = PBXFileReference; lastKnownFileType = sourcecode.swift; path = ChatViews.swift; sourceTree = "<group>"; };
		673796C16D0A139458E920DF /* KeyboardWarmup.swift */ = {isa = PBXFileReference; lastKnownFileType = sourcecode.swift; path = KeyboardWarmup.swift; sourceTree = "<group>"; };
		6D2A6611E2835A451FE4B4D4 /* TaskBoardView.swift */ = {isa = PBXFileReference; lastKnownFileType = sourcecode.swift; path = TaskBoardView.swift; sourceTree = "<group>"; };
		7040E8A21BCC88B0A703712D /* SessionView.swift */ = {isa = PBXFileReference; lastKnownFileType = sourcecode.swift; path = SessionView.swift; sourceTree = "<group>"; };
		71BB21C509A581D37A42B7FC /* RootView.swift */ = {isa = PBXFileReference; lastKnownFileType = sourcecode.swift; path = RootView.swift; sourceTree = "<group>"; };
		7CE6378E652FA83EE0F754E0 /* VettaUITests.xctest */ = {isa = PBXFileReference; includeInIndex = 0; lastKnownFileType = wrapper.cfbundle; path = VettaUITests.xctest; sourceTree = BUILT_PRODUCTS_DIR; };
		8754BC022E2DA6BE46766DE0 /* VettaUITests.swift */ = {isa = PBXFileReference; lastKnownFileType = sourcecode.swift; path = VettaUITests.swift; sourceTree = "<group>"; };
		91E9CDFB90F37D5D32E27EAA /* DictationHaptics.swift */ = {isa = PBXFileReference; lastKnownFileType = sourcecode.swift; path = DictationHaptics.swift; sourceTree = "<group>"; };
		966CF05AA64EAAE95B6C18D2 /* Theme.swift */ = {isa = PBXFileReference; lastKnownFileType = sourcecode.swift; path = Theme.swift; sourceTree = "<group>"; };
		9958F311B813AAB23E9A6D69 /* VettaApp.swift */ = {isa = PBXFileReference; lastKnownFileType = sourcecode.swift; path = VettaApp.swift; sourceTree = "<group>"; };
		9A223D846ECA782112079EA4 /* SpeechDictation.swift */ = {isa = PBXFileReference; lastKnownFileType = sourcecode.swift; path = SpeechDictation.swift; sourceTree = "<group>"; };
		A13EF44F614DFAF09BEA92D8 /* InfoPlist.xcstrings */ = {isa = PBXFileReference; lastKnownFileType = text.json.xcstrings; path = InfoPlist.xcstrings; sourceTree = "<group>"; };
		A49878D0D659B4398CDFD735 /* FilePreviewScreen.swift */ = {isa = PBXFileReference; lastKnownFileType = sourcecode.swift; path = FilePreviewScreen.swift; sourceTree = "<group>"; };
		A5B834FE35ABAA6C5DE654BC /* ProjectView.swift */ = {isa = PBXFileReference; lastKnownFileType = sourcecode.swift; path = ProjectView.swift; sourceTree = "<group>"; };
		A5FE60E74C2993F10053947E /* PairView.swift */ = {isa = PBXFileReference; lastKnownFileType = sourcecode.swift; path = PairView.swift; sourceTree = "<group>"; };
		A611A3DDE7F1EC89CAD12F7F /* SettingsView.swift */ = {isa = PBXFileReference; lastKnownFileType = sourcecode.swift; path = SettingsView.swift; sourceTree = "<group>"; };
		AE556B5F31422EA43BDF8294 /* ProjectSheet.swift */ = {isa = PBXFileReference; lastKnownFileType = sourcecode.swift; path = ProjectSheet.swift; sourceTree = "<group>"; };
		B43B0EEECDDBB2807AA280EF /* Assets.xcassets */ = {isa = PBXFileReference; lastKnownFileType = folder.assetcatalog; path = Assets.xcassets; sourceTree = "<group>"; };
		B4DC1B7D2C79A79205B17759 /* VettaKit */ = {isa = PBXFileReference; lastKnownFileType = folder; name = VettaKit; path = VettaKit; sourceTree = SOURCE_ROOT; };
		BC4528B8445F4DFE1B3DAC95 /* ChatInputBar.swift */ = {isa = PBXFileReference; lastKnownFileType = sourcecode.swift; path = ChatInputBar.swift; sourceTree = "<group>"; };
		C2E57343C2D36E3BE44AE2C2 /* BoardSummary.swift */ = {isa = PBXFileReference; lastKnownFileType = sourcecode.swift; path = BoardSummary.swift; sourceTree = "<group>"; };
		CA39B1C0456D27FC25D9A90B /* Info.plist */ = {isa = PBXFileReference; lastKnownFileType = text.plist; path = Info.plist; sourceTree = "<group>"; };
		CC87D827140BB66CD638FD48 /* Vetta.app */ = {isa = PBXFileReference; includeInIndex = 0; lastKnownFileType = wrapper.application; path = Vetta.app; sourceTree = BUILT_PRODUCTS_DIR; };
		DDD1656ECA9BA0A1442B19A3 /* SessionCards.swift */ = {isa = PBXFileReference; lastKnownFileType = sourcecode.swift; path = SessionCards.swift; sourceTree = "<group>"; };
		E33BB88AA6F56D2A00716432 /* KeychainStore.swift */ = {isa = PBXFileReference; lastKnownFileType = sourcecode.swift; path = KeychainStore.swift; sourceTree = "<group>"; };
		E7F30E48D0595CE66EF6B8A3 /* MarkdownView.swift */ = {isa = PBXFileReference; lastKnownFileType = sourcecode.swift; path = MarkdownView.swift; sourceTree = "<group>"; };
		F0D2A6C73F7E73DC53077670 /* ModelSheet.swift */ = {isa = PBXFileReference; lastKnownFileType = sourcecode.swift; path = ModelSheet.swift; sourceTree = "<group>"; };
		F48CB4F31FE51D7DCA191DCA /* HomeDrawer.swift */ = {isa = PBXFileReference; lastKnownFileType = sourcecode.swift; path = HomeDrawer.swift; sourceTree = "<group>"; };
		F4BD5077EC35B7196CE6FE34 /* ProjectRow.swift */ = {isa = PBXFileReference; lastKnownFileType = sourcecode.swift; path = ProjectRow.swift; sourceTree = "<group>"; };
		FCD68BBF1201238A0B705D2E /* AttachmentSheet.swift */ = {isa = PBXFileReference; lastKnownFileType = sourcecode.swift; path = AttachmentSheet.swift; sourceTree = "<group>"; };
/* End PBXFileReference section */

/* Begin PBXFrameworksBuildPhase section */
		7CA7E40615276D237EC899B5 /* Frameworks */ = {
			isa = PBXFrameworksBuildPhase;
			buildActionMask = 2147483647;
			files = (
				5A35CD748B1B06EF47F0A3F2 /* VettaKit in Frameworks */,
			);
			runOnlyForDeploymentPostprocessing = 0;
		};
/* End PBXFrameworksBuildPhase section */

/* Begin PBXGroup section */
		2E921D2E6EE93050053FBA5C /* Platform */ = {
			isa = PBXGroup;
			children = (
				91E9CDFB90F37D5D32E27EAA /* DictationHaptics.swift */,
				673796C16D0A139458E920DF /* KeyboardWarmup.swift */,
				E33BB88AA6F56D2A00716432 /* KeychainStore.swift */,
				4351D91117ED64F564EE2106 /* QRScannerView.swift */,
				9A223D846ECA782112079EA4 /* SpeechDictation.swift */,
			);
			path = Platform;
			sourceTree = "<group>";
		};
		367AFB8A05AA6BAC48F41D4F /* Config */ = {
			isa = PBXGroup;
			children = (
				01B829A0AD28FC1C65D8E276 /* Signing.xcconfig */,
			);
			path = Config;
			sourceTree = "<group>";
		};
		69A3FC572E58344E92287B38 /* Vetta */ = {
			isa = PBXGroup;
			children = (
				8169DEFE2B852A8A00484956 /* App */,
				FB55CFA84732B5320643FC02 /* Components */,
				2E921D2E6EE93050053FBA5C /* Platform */,
				FC847980E513D09A08E4EC99 /* Resources */,
				C134F55ADB812D050309618B /* Views */,
			);
			path = Vetta;
			sourceTree = "<group>";
		};
		8169DEFE2B852A8A00484956 /* App */ = {
			isa = PBXGroup;
			children = (
				71BB21C509A581D37A42B7FC /* RootView.swift */,
				966CF05AA64EAAE95B6C18D2 /* Theme.swift */,
				9958F311B813AAB23E9A6D69 /* VettaApp.swift */,
			);
			path = App;
			sourceTree = "<group>";
		};
		C134F55ADB812D050309618B /* Views */ = {
			isa = PBXGroup;
			children = (
				A49878D0D659B4398CDFD735 /* FilePreviewScreen.swift */,
				379D80CBC3E02B088693F66B /* FilesPanel.swift */,
				4A9C645FF840047E4C04ED92 /* HomeView.swift */,
				0FCDD8D1166D2CB44460EADA /* InvitePairView.swift */,
				14FB7C60CF7BBB386D64B42C /* NewSessionView.swift */,
				A5FE60E74C2993F10053947E /* PairView.swift */,
				A5B834FE35ABAA6C5DE654BC /* ProjectView.swift */,
				7040E8A21BCC88B0A703712D /* SessionView.swift */,
				A611A3DDE7F1EC89CAD12F7F /* SettingsView.swift */,
				6D2A6611E2835A451FE4B4D4 /* TaskBoardView.swift */,
			);
			path = Views;
			sourceTree = "<group>";
		};
		D1E8B01CF6C70D7BA2D2900D = {
			isa = PBXGroup;
			children = (
				367AFB8A05AA6BAC48F41D4F /* Config */,
				E766375413A6BA08F9BC81C4 /* Packages */,
				69A3FC572E58344E92287B38 /* Vetta */,
				EEFE447349E9D6DB3D640B2B /* VettaUITests */,
				D707FF29580CD53D08C85A11 /* Products */,
			);
			sourceTree = "<group>";
		};
		D707FF29580CD53D08C85A11 /* Products */ = {
			isa = PBXGroup;
			children = (
				CC87D827140BB66CD638FD48 /* Vetta.app */,
				7CE6378E652FA83EE0F754E0 /* VettaUITests.xctest */,
			);
			name = Products;
			sourceTree = "<group>";
		};
		E766375413A6BA08F9BC81C4 /* Packages */ = {
			isa = PBXGroup;
			children = (
				B4DC1B7D2C79A79205B17759 /* VettaKit */,
			);
			name = Packages;
			sourceTree = "<group>";
		};
		EEFE447349E9D6DB3D640B2B /* VettaUITests */ = {
			isa = PBXGroup;
			children = (
				8754BC022E2DA6BE46766DE0 /* VettaUITests.swift */,
			);
			path = VettaUITests;
			sourceTree = "<group>";
		};
		FB55CFA84732B5320643FC02 /* Components */ = {
			isa = PBXGroup;
			children = (
				FCD68BBF1201238A0B705D2E /* AttachmentSheet.swift */,
				C2E57343C2D36E3BE44AE2C2 /* BoardSummary.swift */,
				BC4528B8445F4DFE1B3DAC95 /* ChatInputBar.swift */,
				4AC44E052FBB4B681994D40B /* ChatViews.swift */,
				0CAE0C2229A7C06685973CFD /* Common.swift */,
				F48CB4F31FE51D7DCA191DCA /* HomeDrawer.swift */,
				E7F30E48D0595CE66EF6B8A3 /* MarkdownView.swift */,
				F0D2A6C73F7E73DC53077670 /* ModelSheet.swift */,
				F4BD5077EC35B7196CE6FE34 /* ProjectRow.swift */,
				AE556B5F31422EA43BDF8294 /* ProjectSheet.swift */,
				1571266B7208052D80E40A95 /* QuestionPanel.swift */,
				DDD1656ECA9BA0A1442B19A3 /* SessionCards.swift */,
				3336215DCCD9B5B8DB739834 /* SkillSheet.swift */,
			);
			path = Components;
			sourceTree = "<group>";
		};
		FC847980E513D09A08E4EC99 /* Resources */ = {
			isa = PBXGroup;
			children = (
				B43B0EEECDDBB2807AA280EF /* Assets.xcassets */,
				CA39B1C0456D27FC25D9A90B /* Info.plist */,
				A13EF44F614DFAF09BEA92D8 /* InfoPlist.xcstrings */,
			);
			path = Resources;
			sourceTree = "<group>";
		};
/* End PBXGroup section */

/* Begin PBXNativeTarget section */
		6B17FFF7D8EC56DB20D70966 /* VettaUITests */ = {
			isa = PBXNativeTarget;
			buildConfigurationList = B9978503945145745B34118A /* Build configuration list for PBXNativeTarget "VettaUITests" */;
			buildPhases = (
				9D459F991DC46B12D27DD15C /* Sources */,
			);
			buildRules = (
			);
			dependencies = (
				52317EFBB32B26CBF2C40824 /* PBXTargetDependency */,
			);
			name = VettaUITests;
			packageProductDependencies = (
			);
			productName = VettaUITests;
			productReference = 7CE6378E652FA83EE0F754E0 /* VettaUITests.xctest */;
			productType = "com.apple.product-type.bundle.ui-testing";
		};
		EFF47FAFC9162FC5F0E8FD23 /* Vetta */ = {
			isa = PBXNativeTarget;
			buildConfigurationList = F558857B5BC6A34925B11A3F /* Build configuration list for PBXNativeTarget "Vetta" */;
			buildPhases = (
				A625FAA8DFB5E4E5F0F63473 /* Sources */,
				4ABBFC1E911476E1C7490B3E /* Resources */,
				7CA7E40615276D237EC899B5 /* Frameworks */,
			);
			buildRules = (
			);
			dependencies = (
			);
			name = Vetta;
			packageProductDependencies = (
				96AFB1AF04EBBFA603F4F91B /* VettaKit */,
			);
			productName = Vetta;
			productReference = CC87D827140BB66CD638FD48 /* Vetta.app */;
			productType = "com.apple.product-type.application";
		};
/* End PBXNativeTarget section */

/* Begin PBXProject section */
		7D6DAB4F5B9246859027D95F /* Project object */ = {
			isa = PBXProject;
			attributes = {
				BuildIndependentTargetsInParallel = YES;
				LastUpgradeCheck = 1430;
				TargetAttributes = {
					6B17FFF7D8EC56DB20D70966 = {
						ProvisioningStyle = Automatic;
						TestTargetID = EFF47FAFC9162FC5F0E8FD23;
					};
					EFF47FAFC9162FC5F0E8FD23 = {
						ProvisioningStyle = Automatic;
					};
				};
			};
			buildConfigurationList = 09D187BC3B2C4D8ACB45B805 /* Build configuration list for PBXProject "Vetta" */;
			developmentRegion = en;
			hasScannedForEncodings = 0;
			knownRegions = (
				Base,
				en,
				"zh-Hans",
			);
			mainGroup = D1E8B01CF6C70D7BA2D2900D;
			minimizedProjectReferenceProxies = 1;
			packageReferences = (
				0C09CDBD21383544766FECCC /* XCLocalSwiftPackageReference "VettaKit" */,
			);
			preferredProjectObjectVersion = 77;
			productRefGroup = D707FF29580CD53D08C85A11 /* Products */;
			projectDirPath = "";
			projectRoot = "";
			targets = (
				EFF47FAFC9162FC5F0E8FD23 /* Vetta */,
				6B17FFF7D8EC56DB20D70966 /* VettaUITests */,
			);
		};
/* End PBXProject section */

/* Begin PBXResourcesBuildPhase section */
		4ABBFC1E911476E1C7490B3E /* Resources */ = {
			isa = PBXResourcesBuildPhase;
			buildActionMask = 2147483647;
			files = (
				29BC275076D8A1DC3A573BBB /* Assets.xcassets in Resources */,
				A4C727247A724BC396D2EF75 /* InfoPlist.xcstrings in Resources */,
			);
			runOnlyForDeploymentPostprocessing = 0;
		};
/* End PBXResourcesBuildPhase section */

/* Begin PBXSourcesBuildPhase section */
		9D459F991DC46B12D27DD15C /* Sources */ = {
			isa = PBXSourcesBuildPhase;
			buildActionMask = 2147483647;
			files = (
				27D72F0CEFD735EE582C685D /* VettaUITests.swift in Sources */,
			);
			runOnlyForDeploymentPostprocessing = 0;
		};
		A625FAA8DFB5E4E5F0F63473 /* Sources */ = {
			isa = PBXSourcesBuildPhase;
			buildActionMask = 2147483647;
			files = (
				F8A4F125175E25DE8AD46037 /* AttachmentSheet.swift in Sources */,
				04032F6FE25AFFC90FF24235 /* BoardSummary.swift in Sources */,
				553F60767299442FEB0D3C01 /* ChatInputBar.swift in Sources */,
				9FE91382A8C78D491B30D92F /* ChatViews.swift in Sources */,
				3CBF8329E208C7686DE10D15 /* Common.swift in Sources */,
				F494F9F8C20C1CF24913E95E /* DictationHaptics.swift in Sources */,
				AD8D1CBE44910819B92E0234 /* FilePreviewScreen.swift in Sources */,
				DB673640AD6D84DAA2C3733A /* FilesPanel.swift in Sources */,
				CF3AFE89F12B4B288CEED3B3 /* HomeDrawer.swift in Sources */,
				AC4E28755EFF19DCF3DC5B3C /* HomeView.swift in Sources */,
				4F34BF649619CE972ED4CC8E /* InvitePairView.swift in Sources */,
				63581B8EDAF81E8D93112759 /* KeyboardWarmup.swift in Sources */,
				BF4B6DCEF9D362F781317F6E /* KeychainStore.swift in Sources */,
				1751F6BEC22BE28DE42676E2 /* MarkdownView.swift in Sources */,
				97373277B2BCFF1BA7983CE2 /* ModelSheet.swift in Sources */,
				99925AFD6476F200F1186F5D /* NewSessionView.swift in Sources */,
				97E3DC8E241B2B6E710580AC /* PairView.swift in Sources */,
				F28E4179CBE02483F7D37374 /* ProjectRow.swift in Sources */,
				E2D1C7C3925271D4EA7A0D18 /* ProjectSheet.swift in Sources */,
				E514FC31900005AF9F3DC10A /* ProjectView.swift in Sources */,
				EEEE28142A335ED424B968FA /* QRScannerView.swift in Sources */,
				8CB51BACBD63840B98FE330F /* QuestionPanel.swift in Sources */,
				B3E19125E863C30778ACE155 /* RootView.swift in Sources */,
				AEE9524BBEAF56AD778B1F3D /* SessionCards.swift in Sources */,
				1C3ED9E212F22BF40A83A827 /* SessionView.swift in Sources */,
				572D00AEA0B23590C52BE28A /* SettingsView.swift in Sources */,
				C3814CBDAD8F06F91F403335 /* SkillSheet.swift in Sources */,
				E0A26C37CCE910520B415EDC /* SpeechDictation.swift in Sources */,
				557A05454FD9578BF19AECC7 /* TaskBoardView.swift in Sources */,
				31B8554CEA1268D8C84793F6 /* Theme.swift in Sources */,
				3D463C9C2C3233BBCDE99B95 /* VettaApp.swift in Sources */,
			);
			runOnlyForDeploymentPostprocessing = 0;
		};
/* End PBXSourcesBuildPhase section */

/* Begin PBXTargetDependency section */
		52317EFBB32B26CBF2C40824 /* PBXTargetDependency */ = {
			isa = PBXTargetDependency;
			target = EFF47FAFC9162FC5F0E8FD23 /* Vetta */;
			targetProxy = 8C81B28911A5BE8772F79B5C /* PBXContainerItemProxy */;
		};
/* End PBXTargetDependency section */

/* Begin XCBuildConfiguration section */
		2B0185891F85C670DBFB71FE /* Debug */ = {
			isa = XCBuildConfiguration;
			buildSettings = {
				BUNDLE_LOADER = "$(TEST_HOST)";
				GENERATE_INFOPLIST_FILE = YES;
				LD_RUNPATH_SEARCH_PATHS = (
					"$(inherited)",
					"@executable_path/Frameworks",
					"@loader_path/Frameworks",
				);
				PRODUCT_BUNDLE_IDENTIFIER = com.openvetta.mobile.uitests;
				SDKROOT = iphoneos;
				SWIFT_DEFAULT_ACTOR_ISOLATION = nonisolated;
				TARGETED_DEVICE_FAMILY = "1,2";
				TEST_TARGET_NAME = Vetta;
			};
			name = Debug;
		};
		63D93E744B7F97726A6E237E /* Debug */ = {
			isa = XCBuildConfiguration;
			buildSettings = {
				ASSETCATALOG_COMPILER_APPICON_NAME = AppIcon;
				ASSETCATALOG_COMPILER_GLOBAL_ACCENT_COLOR_NAME = AccentColor;
				CODE_SIGN_IDENTITY = "iPhone Developer";
				ENABLE_PREVIEWS = YES;
				INFOPLIST_FILE = Vetta/Resources/Info.plist;
				LD_RUNPATH_SEARCH_PATHS = (
					"$(inherited)",
					"@executable_path/Frameworks",
				);
				PRODUCT_BUNDLE_IDENTIFIER = com.openvetta.mobile;
				PRODUCT_NAME = Vetta;
				SDKROOT = iphoneos;
				TARGETED_DEVICE_FAMILY = 1;
			};
			name = Debug;
		};
		863EFFC1D7FFBEE7046C4CD7 /* Release */ = {
			isa = XCBuildConfiguration;
			buildSettings = {
				ASSETCATALOG_COMPILER_APPICON_NAME = AppIcon;
				ASSETCATALOG_COMPILER_GLOBAL_ACCENT_COLOR_NAME = AccentColor;
				CODE_SIGN_IDENTITY = "iPhone Developer";
				ENABLE_PREVIEWS = YES;
				INFOPLIST_FILE = Vetta/Resources/Info.plist;
				LD_RUNPATH_SEARCH_PATHS = (
					"$(inherited)",
					"@executable_path/Frameworks",
				);
				PRODUCT_BUNDLE_IDENTIFIER = com.openvetta.mobile;
				PRODUCT_NAME = Vetta;
				SDKROOT = iphoneos;
				TARGETED_DEVICE_FAMILY = 1;
			};
			name = Release;
		};
		8D2FA3000AC21EF893DDF30C /* Release */ = {
			isa = XCBuildConfiguration;
			buildSettings = {
				BUNDLE_LOADER = "$(TEST_HOST)";
				GENERATE_INFOPLIST_FILE = YES;
				LD_RUNPATH_SEARCH_PATHS = (
					"$(inherited)",
					"@executable_path/Frameworks",
					"@loader_path/Frameworks",
				);
				PRODUCT_BUNDLE_IDENTIFIER = com.openvetta.mobile.uitests;
				SDKROOT = iphoneos;
				SWIFT_DEFAULT_ACTOR_ISOLATION = nonisolated;
				TARGETED_DEVICE_FAMILY = "1,2";
				TEST_TARGET_NAME = Vetta;
			};
			name = Release;
		};
		9FA0759C6B1223B375F8F64C /* Release */ = {
			isa = XCBuildConfiguration;
			baseConfigurationReference = 01B829A0AD28FC1C65D8E276 /* Signing.xcconfig */;
			buildSettings = {
				ALWAYS_SEARCH_USER_PATHS = NO;
				CLANG_ANALYZER_NONNULL = YES;
				CLANG_ANALYZER_NUMBER_OBJECT_CONVERSION = YES_AGGRESSIVE;
				CLANG_CXX_LANGUAGE_STANDARD = "gnu++14";
				CLANG_CXX_LIBRARY = "libc++";
				CLANG_ENABLE_MODULES = YES;
				CLANG_ENABLE_OBJC_ARC = YES;
				CLANG_ENABLE_OBJC_WEAK = YES;
				CLANG_WARN_BLOCK_CAPTURE_AUTORELEASING = YES;
				CLANG_WARN_BOOL_CONVERSION = YES;
				CLANG_WARN_COMMA = YES;
				CLANG_WARN_CONSTANT_CONVERSION = YES;
				CLANG_WARN_DEPRECATED_OBJC_IMPLEMENTATIONS = YES;
				CLANG_WARN_DIRECT_OBJC_ISA_USAGE = YES_ERROR;
				CLANG_WARN_DOCUMENTATION_COMMENTS = YES;
				CLANG_WARN_EMPTY_BODY = YES;
				CLANG_WARN_ENUM_CONVERSION = YES;
				CLANG_WARN_INFINITE_RECURSION = YES;
				CLANG_WARN_INT_CONVERSION = YES;
				CLANG_WARN_NON_LITERAL_NULL_CONVERSION = YES;
				CLANG_WARN_OBJC_IMPLICIT_RETAIN_SELF = YES;
				CLANG_WARN_OBJC_LITERAL_CONVERSION = YES;
				CLANG_WARN_OBJC_ROOT_CLASS = YES_ERROR;
				CLANG_WARN_QUOTED_INCLUDE_IN_FRAMEWORK_HEADER = YES;
				CLANG_WARN_RANGE_LOOP_ANALYSIS = YES;
				CLANG_WARN_STRICT_PROTOTYPES = YES;
				CLANG_WARN_SUSPICIOUS_MOVE = YES;
				CLANG_WARN_UNGUARDED_AVAILABILITY = YES_AGGRESSIVE;
				CLANG_WARN_UNREACHABLE_CODE = YES;
				CLANG_WARN__DUPLICATE_METHOD_MATCH = YES;
				CODE_SIGN_STYLE = Automatic;
				COPY_PHASE_STRIP = NO;
				CURRENT_PROJECT_VERSION = 1;
				DEBUG_INFORMATION_FORMAT = "dwarf-with-dsym";
				ENABLE_NS_ASSERTIONS = NO;
				ENABLE_STRICT_OBJC_MSGSEND = YES;
				GCC_C_LANGUAGE_STANDARD = gnu11;
				GCC_NO_COMMON_BLOCKS = YES;
				GCC_WARN_64_TO_32_BIT_CONVERSION = YES;
				GCC_WARN_ABOUT_RETURN_TYPE = YES_ERROR;
				GCC_WARN_UNDECLARED_SELECTOR = YES;
				GCC_WARN_UNINITIALIZED_AUTOS = YES_AGGRESSIVE;
				GCC_WARN_UNUSED_FUNCTION = YES;
				GCC_WARN_UNUSED_VARIABLE = YES;
				IPHONEOS_DEPLOYMENT_TARGET = 26.0;
				MARKETING_VERSION = 1.0.0;
				MTL_ENABLE_DEBUG_INFO = NO;
				MTL_FAST_MATH = YES;
				PRODUCT_NAME = "$(TARGET_NAME)";
				SDKROOT = iphoneos;
				SWIFT_APPROACHABLE_CONCURRENCY = YES;
				SWIFT_COMPILATION_MODE = wholemodule;
				SWIFT_DEFAULT_ACTOR_ISOLATION = MainActor;
				SWIFT_OPTIMIZATION_LEVEL = "-O";
				SWIFT_VERSION = 6.0;
			};
			name = Release;
		};
		EC650186AB77277F1F53C9B4 /* Debug */ = {
			isa = XCBuildConfiguration;
			baseConfigurationReference = 01B829A0AD28FC1C65D8E276 /* Signing.xcconfig */;
			buildSettings = {
				ALWAYS_SEARCH_USER_PATHS = NO;
				CLANG_ANALYZER_NONNULL = YES;
				CLANG_ANALYZER_NUMBER_OBJECT_CONVERSION = YES_AGGRESSIVE;
				CLANG_CXX_LANGUAGE_STANDARD = "gnu++14";
				CLANG_CXX_LIBRARY = "libc++";
				CLANG_ENABLE_MODULES = YES;
				CLANG_ENABLE_OBJC_ARC = YES;
				CLANG_ENABLE_OBJC_WEAK = YES;
				CLANG_WARN_BLOCK_CAPTURE_AUTORELEASING = YES;
				CLANG_WARN_BOOL_CONVERSION = YES;
				CLANG_WARN_COMMA = YES;
				CLANG_WARN_CONSTANT_CONVERSION = YES;
				CLANG_WARN_DEPRECATED_OBJC_IMPLEMENTATIONS = YES;
				CLANG_WARN_DIRECT_OBJC_ISA_USAGE = YES_ERROR;
				CLANG_WARN_DOCUMENTATION_COMMENTS = YES;
				CLANG_WARN_EMPTY_BODY = YES;
				CLANG_WARN_ENUM_CONVERSION = YES;
				CLANG_WARN_INFINITE_RECURSION = YES;
				CLANG_WARN_INT_CONVERSION = YES;
				CLANG_WARN_NON_LITERAL_NULL_CONVERSION = YES;
				CLANG_WARN_OBJC_IMPLICIT_RETAIN_SELF = YES;
				CLANG_WARN_OBJC_LITERAL_CONVERSION = YES;
				CLANG_WARN_OBJC_ROOT_CLASS = YES_ERROR;
				CLANG_WARN_QUOTED_INCLUDE_IN_FRAMEWORK_HEADER = YES;
				CLANG_WARN_RANGE_LOOP_ANALYSIS = YES;
				CLANG_WARN_STRICT_PROTOTYPES = YES;
				CLANG_WARN_SUSPICIOUS_MOVE = YES;
				CLANG_WARN_UNGUARDED_AVAILABILITY = YES_AGGRESSIVE;
				CLANG_WARN_UNREACHABLE_CODE = YES;
				CLANG_WARN__DUPLICATE_METHOD_MATCH = YES;
				CODE_SIGN_STYLE = Automatic;
				COPY_PHASE_STRIP = NO;
				CURRENT_PROJECT_VERSION = 1;
				DEBUG_INFORMATION_FORMAT = dwarf;
				ENABLE_STRICT_OBJC_MSGSEND = YES;
				ENABLE_TESTABILITY = YES;
				GCC_C_LANGUAGE_STANDARD = gnu11;
				GCC_DYNAMIC_NO_PIC = NO;
				GCC_NO_COMMON_BLOCKS = YES;
				GCC_OPTIMIZATION_LEVEL = 0;
				GCC_PREPROCESSOR_DEFINITIONS = (
					"$(inherited)",
					"DEBUG=1",
				);
				GCC_WARN_64_TO_32_BIT_CONVERSION = YES;
				GCC_WARN_ABOUT_RETURN_TYPE = YES_ERROR;
				GCC_WARN_UNDECLARED_SELECTOR = YES;
				GCC_WARN_UNINITIALIZED_AUTOS = YES_AGGRESSIVE;
				GCC_WARN_UNUSED_FUNCTION = YES;
				GCC_WARN_UNUSED_VARIABLE = YES;
				IPHONEOS_DEPLOYMENT_TARGET = 26.0;
				MARKETING_VERSION = 1.0.0;
				MTL_ENABLE_DEBUG_INFO = INCLUDE_SOURCE;
				MTL_FAST_MATH = YES;
				ONLY_ACTIVE_ARCH = YES;
				PRODUCT_NAME = "$(TARGET_NAME)";
				SDKROOT = iphoneos;
				SWIFT_ACTIVE_COMPILATION_CONDITIONS = DEBUG;
				SWIFT_APPROACHABLE_CONCURRENCY = YES;
				SWIFT_DEFAULT_ACTOR_ISOLATION = MainActor;
				SWIFT_OPTIMIZATION_LEVEL = "-Onone";
				SWIFT_VERSION = 6.0;
			};
			name = Debug;
		};
/* End XCBuildConfiguration section */

/* Begin XCConfigurationList section */
		09D187BC3B2C4D8ACB45B805 /* Build configuration list for PBXProject "Vetta" */ = {
			isa = XCConfigurationList;
			buildConfigurations = (
				EC650186AB77277F1F53C9B4 /* Debug */,
				9FA0759C6B1223B375F8F64C /* Release */,
			);
			defaultConfigurationIsVisible = 0;
			defaultConfigurationName = Debug;
		};
		B9978503945145745B34118A /* Build configuration list for PBXNativeTarget "VettaUITests" */ = {
			isa = XCConfigurationList;
			buildConfigurations = (
				2B0185891F85C670DBFB71FE /* Debug */,
				8D2FA3000AC21EF893DDF30C /* Release */,
			);
			defaultConfigurationIsVisible = 0;
			defaultConfigurationName = Debug;
		};
		F558857B5BC6A34925B11A3F /* Build configuration list for PBXNativeTarget "Vetta" */ = {
			isa = XCConfigurationList;
			buildConfigurations = (
				63D93E744B7F97726A6E237E /* Debug */,
				863EFFC1D7FFBEE7046C4CD7 /* Release */,
			);
			defaultConfigurationIsVisible = 0;
			defaultConfigurationName = Debug;
		};
/* End XCConfigurationList section */

/* Begin XCLocalSwiftPackageReference section */
		0C09CDBD21383544766FECCC /* XCLocalSwiftPackageReference "VettaKit" */ = {
			isa = XCLocalSwiftPackageReference;
			relativePath = VettaKit;
		};
/* End XCLocalSwiftPackageReference section */

/* Begin XCSwiftPackageProductDependency section */
		96AFB1AF04EBBFA603F4F91B /* VettaKit */ = {
			isa = XCSwiftPackageProductDependency;
			productName = VettaKit;
		};
/* End XCSwiftPackageProductDependency section */
	};
	rootObject = 7D6DAB4F5B9246859027D95F /* Project object */;
}
